
Microsoft Visual Studio Solution File, Format Version 12.00
# Visual Studio Version 16
VisualStudioVersion = 16.0.29806.167
MinimumVisualStudioVersion = 10.0.40219.1
Project("{9A19103F-16F7-4668-BE54-9A1E7A4F7556}") = "Iris.Integracao.Worker.Service", "Iris.Integracao.Worker.Service\Iris.Integracao.Worker.Service.csproj", "{2F8CC1BE-7AF5-4088-BDD1-7322E154B2F1}"
EndProject
Project("{2150E333-8FDC-42A3-9474-1A3956D46DE8}") = "1 - Worker", "1 - Worker", "{AAD7FAF7-9E39-4AFB-AB80-6C0C34A0DD93}"
EndProject
Project("{2150E333-8FDC-42A3-9474-1A3956D46DE8}") = "2 - Mongo", "2 - Mongo", "{5EC315AF-FC82-435A-B548-CA3F1CF1A366}"
EndProject
Project("{9A19103F-16F7-4668-BE54-9A1E7A4F7556}") = "Iris.Integracao.MongoDB", "Iris.Integracao.MongoDB\Iris.Integracao.MongoDB.csproj", "{476058E6-5222-4C48-AB98-F435047A30B3}"
EndProject
Global
	GlobalSection(SolutionConfigurationPlatforms) = preSolution
		Debug|Any CPU = Debug|Any CPU
		Release|Any CPU = Release|Any CPU
	EndGlobalSection
	GlobalSection(ProjectConfigurationPlatforms) = postSolution
		{2F8CC1BE-7AF5-4088-BDD1-7322E154B2F1}.Debug|Any CPU.ActiveCfg = Debug|Any CPU
		{2F8CC1BE-7AF5-4088-BDD1-7322E154B2F1}.Debug|Any CPU.Build.0 = Debug|Any CPU
		{2F8CC1BE-7AF5-4088-BDD1-7322E154B2F1}.Release|Any CPU.ActiveCfg = Release|Any CPU
		{2F8CC1BE-7AF5-4088-BDD1-7322E154B2F1}.Release|Any CPU.Build.0 = Release|Any CPU
		{476058E6-5222-4C48-AB98-F435047A30B3}.Debug|Any CPU.ActiveCfg = Debug|Any CPU
		{476058E6-5222-4C48-AB98-F435047A30B3}.Debug|Any CPU.Build.0 = Debug|Any CPU
		{476058E6-5222-4C48-AB98-F435047A30B3}.Release|Any CPU.ActiveCfg = Release|Any CPU
		{476058E6-5222-4C48-AB98-F435047A30B3}.Release|Any CPU.Build.0 = Release|Any CPU
	EndGlobalSection
	GlobalSection(SolutionProperties) = preSolution
		HideSolutionNode = FALSE
	EndGlobalSection
	GlobalSection(NestedProjects) = preSolution
		{2F8CC1BE-7AF5-4088-BDD1-7322E154B2F1} = {AAD7FAF7-9E39-4AFB-AB80-6C0C34A0DD93}
		{476058E6-5222-4C48-AB98-F435047A30B3} = {5EC315AF-FC82-435A-B548-CA3F1CF1A366}
	EndGlobalSection
	GlobalSection(ExtensibilityGlobals) = postSolution
		SolutionGuid = {BA25A848-3A7E-4EA4-A544-B6D6BEAC304A}
	EndGlobalSection
EndGlobal
